{
    "name": "scrollmagic-with-ssr",
    "version": "1.0.1",
    "lockfileVersion": 1,
    "requires": true,
    "dependencies": {
        "is-client": {
            "version": "0.0.2",
            "resolved": "https://registry.npmjs.org/is-client/-/is-client-0.0.2.tgz",
            "integrity": "sha1-cl9UksjP+lnQohSbS/6mLUN6BGI="
        }
    }
}
